github.com/Himanshu-0104/goLearn/hstore v0.0.0-20251109162721-35a1e2cd41dc h1:C5SDknZpjYe9oK5NTCGxgRQE4L6wiv23joYyyZd3Vv4=
github.com/Himanshu-0104/goLearn/hstore v0.0.0-20251109162721-35a1e2cd41dc/go.mod h1:m3P1OBf8BwNGN9o+reZ7Wf7/8ZauvuKAUCKCNRjlJos=
github.com/Himanshu-0104/goLearn/hstore v0.0.0-20251109163240-dbce726203c0 h1:mCPWxCBGa2m6R4hhQRw3wtjD9T3xrsJsSDm4UY/xvgo=
github.com/Himanshu-0104/goLearn/hstore v0.0.0-20251109163240-dbce726203c0/go.mod h1:m3P1OBf8BwNGN9o+reZ7Wf7/8ZauvuKAUCKCNRjlJos=
