github.com/Himanshu-0104/goLearn/goTemplate v0.0.0-20251109104310-26076eaa3d23 h1:6gfF+HWOOpxqOXgLyRCgwQPOL+fU2BT3JScJCMPiTVg=
github.com/Himanshu-0104/goLearn/goTemplate v0.0.0-20251109104310-26076eaa3d23/go.mod h1:izKX89pIHq922ynRZqtVLz4CBfPdKlbpZOMIlvZqhj0=
github.com/Himanshu-0104/goLearn/hstore v0.0.0-20251109162721-35a1e2cd41dc h1:C5SDknZpjYe9oK5NTCGxgRQE4L6wiv23joYyyZd3Vv4=
github.com/Himanshu-0104/goLearn/hstore v0.0.0-20251109162721-35a1e2cd41dc/go.mod h1:m3P1OBf8BwNGN9o+reZ7Wf7/8ZauvuKAUCKCNRjlJos=
